
Microsoft Visual Studio Solution File, Format Version 12.00
# Visual Studio 2012
Project("{FAE04EC0-301F-11D3-BF4B-00C04F79EFBC}") = "TinyInstaller", "TinyInstaller\TinyInstaller.csproj", "{6F533877-76DF-489B-8A09-BADD150217FA}"
EndProject
Project("{2150E333-8FDC-42A3-9474-1A3956D46DE8}") = "Tests", "Tests", "{A164AC96-623C-4ACA-8309-F339607AC04E}"
EndProject
Project("{FAE04EC0-301F-11D3-BF4B-00C04F79EFBC}") = "MyCustomUiInstaller", "MyCustomUiInstaller\MyCustomUiInstaller.csproj", "{781AADFC-1628-4237-9AAD-B58BE6B73101}"
EndProject
Project("{FAE04EC0-301F-11D3-BF4B-00C04F79EFBC}") = "MyNotepad", "MyNotepad\MyNotepad.csproj", "{31339644-3E8D-455C-8895-E06DFF487242}"
EndProject
Project("{FAE04EC0-301F-11D3-BF4B-00C04F79EFBC}") = "MyNotepadUtils", "MyNotepadUtils\MyNotepadUtils.csproj", "{080DCB8F-5E18-4F24-9D08-35213FF715B6}"
EndProject
Project("{2150E333-8FDC-42A3-9474-1A3956D46DE8}") = "Sample App", "Sample App", "{F6CF54D8-41C3-44F6-95F8-D6A307B9E667}"
EndProject
Project("{2150E333-8FDC-42A3-9474-1A3956D46DE8}") = "IdealSetupProject - embed resources", "IdealSetupProject - embed resources", "{7E45BE8C-8BE3-49B4-BAC9-5199B6E7F475}"
EndProject
Project("{FAE04EC0-301F-11D3-BF4B-00C04F79EFBC}") = "MyNotepadInstallSpec", "MyNotepadInstallSpec\MyNotepadInstallSpec.csproj", "{C2C94683-0AD4-49E4-83CF-FB66F3D4004F}"
EndProject
Project("{FAE04EC0-301F-11D3-BF4B-00C04F79EFBC}") = "MyNotepadInstallPackage", "MyNotepadInstallPackage\MyNotepadInstallPackage.csproj", "{DCCB9A3F-8880-461B-98B7-61C025EA5837}"
EndProject
Project("{FAE04EC0-301F-11D3-BF4B-00C04F79EFBC}") = "MyNotepadService", "MyNotepadService\MyNotepadService.csproj", "{D61FB039-6F21-4096-876D-34954B5F6C31}"
EndProject
Project("{FAE04EC0-301F-11D3-BF4B-00C04F79EFBC}") = "ConsoleApplication1", "ConsoleApplication1\ConsoleApplication1.csproj", "{02E2B18C-B14A-4A10-BED1-434C68C52AC7}"
EndProject
Project("{2150E333-8FDC-42A3-9474-1A3956D46DE8}") = "Issue 5 - customizable UI", "Issue 5 - customizable UI", "{60B3197C-DE43-4726-83DE-B75EDACA7C57}"
EndProject
Project("{FAE04EC0-301F-11D3-BF4B-00C04F79EFBC}") = "SampleInstaller", "SampleInstaller\SampleInstaller.csproj", "{A78B9BDC-3237-47AE-8F02-8E81CF0E6875}"
EndProject
Project("{FAE04EC0-301F-11D3-BF4B-00C04F79EFBC}") = "WpfControlLibrary1", "WpfControlLibrary1\WpfControlLibrary1.csproj", "{B22C7911-6565-4CF6-9918-745117A1F866}"
EndProject
Project("{FAE04EC0-301F-11D3-BF4B-00C04F79EFBC}") = "RebaseToMemory", "RebaseToMemory\RebaseToMemory.csproj", "{51D6C3F9-6DB9-4A49-AE22-26D498965A70}"
EndProject
Project("{FAE04EC0-301F-11D3-BF4B-00C04F79EFBC}") = "NuGet.TinyInstaller", "NuGet.TinyInstaller\NuGet.TinyInstaller.csproj", "{0451BAEF-DF2E-4B98-8644-94EE9415E389}"
EndProject
Project("{FAE04EC0-301F-11D3-BF4B-00C04F79EFBC}") = "ConsoleApplication2", "ConsoleApplication2\ConsoleApplication2.csproj", "{316053DB-F02A-44D6-B091-723ABCC1397C}"
EndProject
Project("{2150E333-8FDC-42A3-9474-1A3956D46DE8}") = "Tests3 - Sample Contoso", "Tests3 - Sample Contoso", "{63BD15F1-0821-472B-B919-A353A0AA8C18}"
EndProject
Project("{2150E333-8FDC-42A3-9474-1A3956D46DE8}") = "Product", "Product", "{1EF2A4E9-1F1C-4006-B7FA-6BBC65AFA9CE}"
EndProject
Project("{FAE04EC0-301F-11D3-BF4B-00C04F79EFBC}") = "ContosoUI", "Tests3\ContosoUI\ContosoUI.csproj", "{C53D2DE0-EAB6-4ED9-A0AC-5231F6E1D916}"
EndProject
Project("{FAE04EC0-301F-11D3-BF4B-00C04F79EFBC}") = "ContosoService", "Tests3\ContosoService\ContosoService.csproj", "{89DA6288-684F-454A-B46E-C0E9270C3712}"
EndProject
Project("{FAE04EC0-301F-11D3-BF4B-00C04F79EFBC}") = "ContosoCommon", "Tests3\ContosoCommon\ContosoCommon.csproj", "{9616103B-8062-4639-92CD-5862E0128689}"
EndProject
Project("{2150E333-8FDC-42A3-9474-1A3956D46DE8}") = "Installer", "Installer", "{DFF3CAD6-D3DD-4C85-86AB-44BD92E558B2}"
EndProject
Project("{FAE04EC0-301F-11D3-BF4B-00C04F79EFBC}") = "ContosoInstaller", "Tests3\ContosoInstaller\ContosoInstaller.csproj", "{F7437797-DC95-4B23-84E3-80A3D3DA817C}"
EndProject
Project("{FAE04EC0-301F-11D3-BF4B-00C04F79EFBC}") = "TinyInstaller.UnitTests", "TinyInstaller.UnitTests\TinyInstaller.UnitTests.csproj", "{DC61E132-CD1D-45AE-84B7-39D3CE64F62C}"
EndProject
Global
	GlobalSection(TestCaseManagementSettings) = postSolution
		CategoryFile = MyTinyInstaller.vsmdi
	EndGlobalSection
	GlobalSection(SolutionConfigurationPlatforms) = preSolution
		Debug|Any CPU = Debug|Any CPU
		Debug|Mixed Platforms = Debug|Mixed Platforms
		Debug|x86 = Debug|x86
		Release|Any CPU = Release|Any CPU
		Release|Mixed Platforms = Release|Mixed Platforms
		Release|x86 = Release|x86
	EndGlobalSection
	GlobalSection(ProjectConfigurationPlatforms) = postSolution
		{6F533877-76DF-489B-8A09-BADD150217FA}.Debug|Any CPU.ActiveCfg = Debug|Any CPU
		{6F533877-76DF-489B-8A09-BADD150217FA}.Debug|Any CPU.Build.0 = Debug|Any CPU
		{6F533877-76DF-489B-8A09-BADD150217FA}.Debug|Mixed Platforms.ActiveCfg = Debug|Any CPU
		{6F533877-76DF-489B-8A09-BADD150217FA}.Debug|Mixed Platforms.Build.0 = Debug|Any CPU
		{6F533877-76DF-489B-8A09-BADD150217FA}.Debug|x86.ActiveCfg = Debug|Any CPU
		{6F533877-76DF-489B-8A09-BADD150217FA}.Release|Any CPU.ActiveCfg = Release|Any CPU
		{6F533877-76DF-489B-8A09-BADD150217FA}.Release|Any CPU.Build.0 = Release|Any CPU
		{6F533877-76DF-489B-8A09-BADD150217FA}.Release|Mixed Platforms.ActiveCfg = Release|Any CPU
		{6F533877-76DF-489B-8A09-BADD150217FA}.Release|Mixed Platforms.Build.0 = Release|Any CPU
		{6F533877-76DF-489B-8A09-BADD150217FA}.Release|x86.ActiveCfg = Release|Any CPU
		{781AADFC-1628-4237-9AAD-B58BE6B73101}.Debug|Any CPU.ActiveCfg = Debug|x86
		{781AADFC-1628-4237-9AAD-B58BE6B73101}.Debug|Any CPU.Build.0 = Debug|x86
		{781AADFC-1628-4237-9AAD-B58BE6B73101}.Debug|Mixed Platforms.ActiveCfg = Debug|x86
		{781AADFC-1628-4237-9AAD-B58BE6B73101}.Debug|Mixed Platforms.Build.0 = Debug|x86
		{781AADFC-1628-4237-9AAD-B58BE6B73101}.Debug|x86.ActiveCfg = Debug|x86
		{781AADFC-1628-4237-9AAD-B58BE6B73101}.Debug|x86.Build.0 = Debug|x86
		{781AADFC-1628-4237-9AAD-B58BE6B73101}.Release|Any CPU.ActiveCfg = Release|x86
		{781AADFC-1628-4237-9AAD-B58BE6B73101}.Release|Mixed Platforms.ActiveCfg = Release|x86
		{781AADFC-1628-4237-9AAD-B58BE6B73101}.Release|x86.ActiveCfg = Release|x86
		{781AADFC-1628-4237-9AAD-B58BE6B73101}.Release|x86.Build.0 = Release|x86
		{31339644-3E8D-455C-8895-E06DFF487242}.Debug|Any CPU.ActiveCfg = Debug|x86
		{31339644-3E8D-455C-8895-E06DFF487242}.Debug|Any CPU.Build.0 = Debug|x86
		{31339644-3E8D-455C-8895-E06DFF487242}.Debug|Mixed Platforms.ActiveCfg = Debug|x86
		{31339644-3E8D-455C-8895-E06DFF487242}.Debug|Mixed Platforms.Build.0 = Debug|x86
		{31339644-3E8D-455C-8895-E06DFF487242}.Debug|x86.ActiveCfg = Debug|x86
		{31339644-3E8D-455C-8895-E06DFF487242}.Debug|x86.Build.0 = Debug|x86
		{31339644-3E8D-455C-8895-E06DFF487242}.Release|Any CPU.ActiveCfg = Release|x86
		{31339644-3E8D-455C-8895-E06DFF487242}.Release|Mixed Platforms.ActiveCfg = Release|x86
		{31339644-3E8D-455C-8895-E06DFF487242}.Release|x86.ActiveCfg = Release|x86
		{31339644-3E8D-455C-8895-E06DFF487242}.Release|x86.Build.0 = Release|x86
		{080DCB8F-5E18-4F24-9D08-35213FF715B6}.Debug|Any CPU.ActiveCfg = Debug|Any CPU
		{080DCB8F-5E18-4F24-9D08-35213FF715B6}.Debug|Any CPU.Build.0 = Debug|Any CPU
		{080DCB8F-5E18-4F24-9D08-35213FF715B6}.Debug|Mixed Platforms.ActiveCfg = Debug|Any CPU
		{080DCB8F-5E18-4F24-9D08-35213FF715B6}.Debug|Mixed Platforms.Build.0 = Debug|Any CPU
		{080DCB8F-5E18-4F24-9D08-35213FF715B6}.Debug|x86.ActiveCfg = Debug|Any CPU
		{080DCB8F-5E18-4F24-9D08-35213FF715B6}.Release|Any CPU.ActiveCfg = Release|Any CPU
		{080DCB8F-5E18-4F24-9D08-35213FF715B6}.Release|Mixed Platforms.ActiveCfg = Release|Any CPU
		{080DCB8F-5E18-4F24-9D08-35213FF715B6}.Release|x86.ActiveCfg = Release|Any CPU
		{C2C94683-0AD4-49E4-83CF-FB66F3D4004F}.Debug|Any CPU.ActiveCfg = Debug|Any CPU
		{C2C94683-0AD4-49E4-83CF-FB66F3D4004F}.Debug|Any CPU.Build.0 = Debug|Any CPU
		{C2C94683-0AD4-49E4-83CF-FB66F3D4004F}.Debug|Mixed Platforms.ActiveCfg = Debug|Any CPU
		{C2C94683-0AD4-49E4-83CF-FB66F3D4004F}.Debug|Mixed Platforms.Build.0 = Debug|Any CPU
		{C2C94683-0AD4-49E4-83CF-FB66F3D4004F}.Debug|x86.ActiveCfg = Debug|Any CPU
		{C2C94683-0AD4-49E4-83CF-FB66F3D4004F}.Release|Any CPU.ActiveCfg = Release|Any CPU
		{C2C94683-0AD4-49E4-83CF-FB66F3D4004F}.Release|Any CPU.Build.0 = Release|Any CPU
		{C2C94683-0AD4-49E4-83CF-FB66F3D4004F}.Release|Mixed Platforms.ActiveCfg = Release|Any CPU
		{C2C94683-0AD4-49E4-83CF-FB66F3D4004F}.Release|Mixed Platforms.Build.0 = Release|Any CPU
		{C2C94683-0AD4-49E4-83CF-FB66F3D4004F}.Release|x86.ActiveCfg = Release|Any CPU
		{DCCB9A3F-8880-461B-98B7-61C025EA5837}.Debug|Any CPU.ActiveCfg = Debug|x86
		{DCCB9A3F-8880-461B-98B7-61C025EA5837}.Debug|Mixed Platforms.ActiveCfg = Debug|x86
		{DCCB9A3F-8880-461B-98B7-61C025EA5837}.Debug|Mixed Platforms.Build.0 = Debug|x86
		{DCCB9A3F-8880-461B-98B7-61C025EA5837}.Debug|x86.ActiveCfg = Debug|x86
		{DCCB9A3F-8880-461B-98B7-61C025EA5837}.Debug|x86.Build.0 = Debug|x86
		{DCCB9A3F-8880-461B-98B7-61C025EA5837}.Release|Any CPU.ActiveCfg = Release|x86
		{DCCB9A3F-8880-461B-98B7-61C025EA5837}.Release|Mixed Platforms.ActiveCfg = Release|x86
		{DCCB9A3F-8880-461B-98B7-61C025EA5837}.Release|Mixed Platforms.Build.0 = Release|x86
		{DCCB9A3F-8880-461B-98B7-61C025EA5837}.Release|x86.ActiveCfg = Release|x86
		{DCCB9A3F-8880-461B-98B7-61C025EA5837}.Release|x86.Build.0 = Release|x86
		{D61FB039-6F21-4096-876D-34954B5F6C31}.Debug|Any CPU.ActiveCfg = Debug|Any CPU
		{D61FB039-6F21-4096-876D-34954B5F6C31}.Debug|Any CPU.Build.0 = Debug|Any CPU
		{D61FB039-6F21-4096-876D-34954B5F6C31}.Debug|Mixed Platforms.ActiveCfg = Debug|Any CPU
		{D61FB039-6F21-4096-876D-34954B5F6C31}.Debug|Mixed Platforms.Build.0 = Debug|Any CPU
		{D61FB039-6F21-4096-876D-34954B5F6C31}.Debug|x86.ActiveCfg = Debug|Any CPU
		{D61FB039-6F21-4096-876D-34954B5F6C31}.Release|Any CPU.ActiveCfg = Release|Any CPU
		{D61FB039-6F21-4096-876D-34954B5F6C31}.Release|Mixed Platforms.ActiveCfg = Release|Any CPU
		{D61FB039-6F21-4096-876D-34954B5F6C31}.Release|x86.ActiveCfg = Release|Any CPU
		{02E2B18C-B14A-4A10-BED1-434C68C52AC7}.Debug|Any CPU.ActiveCfg = Debug|x86
		{02E2B18C-B14A-4A10-BED1-434C68C52AC7}.Debug|Mixed Platforms.ActiveCfg = Debug|x86
		{02E2B18C-B14A-4A10-BED1-434C68C52AC7}.Debug|Mixed Platforms.Build.0 = Debug|x86
		{02E2B18C-B14A-4A10-BED1-434C68C52AC7}.Debug|x86.ActiveCfg = Debug|x86
		{02E2B18C-B14A-4A10-BED1-434C68C52AC7}.Debug|x86.Build.0 = Debug|x86
		{02E2B18C-B14A-4A10-BED1-434C68C52AC7}.Release|Any CPU.ActiveCfg = Release|x86
		{02E2B18C-B14A-4A10-BED1-434C68C52AC7}.Release|Mixed Platforms.ActiveCfg = Release|x86
		{02E2B18C-B14A-4A10-BED1-434C68C52AC7}.Release|Mixed Platforms.Build.0 = Release|x86
		{02E2B18C-B14A-4A10-BED1-434C68C52AC7}.Release|x86.ActiveCfg = Release|x86
		{02E2B18C-B14A-4A10-BED1-434C68C52AC7}.Release|x86.Build.0 = Release|x86
		{A78B9BDC-3237-47AE-8F02-8E81CF0E6875}.Debug|Any CPU.ActiveCfg = Debug|x86
		{A78B9BDC-3237-47AE-8F02-8E81CF0E6875}.Debug|Any CPU.Build.0 = Debug|x86
		{A78B9BDC-3237-47AE-8F02-8E81CF0E6875}.Debug|Mixed Platforms.ActiveCfg = Debug|x86
		{A78B9BDC-3237-47AE-8F02-8E81CF0E6875}.Debug|Mixed Platforms.Build.0 = Debug|x86
		{A78B9BDC-3237-47AE-8F02-8E81CF0E6875}.Debug|x86.ActiveCfg = Debug|x86
		{A78B9BDC-3237-47AE-8F02-8E81CF0E6875}.Debug|x86.Build.0 = Debug|x86
		{A78B9BDC-3237-47AE-8F02-8E81CF0E6875}.Release|Any CPU.ActiveCfg = Release|x86
		{A78B9BDC-3237-47AE-8F02-8E81CF0E6875}.Release|Mixed Platforms.ActiveCfg = Release|x86
		{A78B9BDC-3237-47AE-8F02-8E81CF0E6875}.Release|x86.ActiveCfg = Release|x86
		{A78B9BDC-3237-47AE-8F02-8E81CF0E6875}.Release|x86.Build.0 = Release|x86
		{B22C7911-6565-4CF6-9918-745117A1F866}.Debug|Any CPU.ActiveCfg = Debug|Any CPU
		{B22C7911-6565-4CF6-9918-745117A1F866}.Debug|Any CPU.Build.0 = Debug|Any CPU
		{B22C7911-6565-4CF6-9918-745117A1F866}.Debug|Mixed Platforms.ActiveCfg = Debug|Any CPU
		{B22C7911-6565-4CF6-9918-745117A1F866}.Debug|Mixed Platforms.Build.0 = Debug|Any CPU
		{B22C7911-6565-4CF6-9918-745117A1F866}.Debug|x86.ActiveCfg = Debug|Any CPU
		{B22C7911-6565-4CF6-9918-745117A1F866}.Release|Any CPU.ActiveCfg = Release|Any CPU
		{B22C7911-6565-4CF6-9918-745117A1F866}.Release|Any CPU.Build.0 = Release|Any CPU
		{B22C7911-6565-4CF6-9918-745117A1F866}.Release|Mixed Platforms.ActiveCfg = Release|Any CPU
		{B22C7911-6565-4CF6-9918-745117A1F866}.Release|Mixed Platforms.Build.0 = Release|Any CPU
		{B22C7911-6565-4CF6-9918-745117A1F866}.Release|x86.ActiveCfg = Release|Any CPU
		{51D6C3F9-6DB9-4A49-AE22-26D498965A70}.Debug|Any CPU.ActiveCfg = Debug|x86
		{51D6C3F9-6DB9-4A49-AE22-26D498965A70}.Debug|Mixed Platforms.ActiveCfg = Debug|x86
		{51D6C3F9-6DB9-4A49-AE22-26D498965A70}.Debug|Mixed Platforms.Build.0 = Debug|x86
		{51D6C3F9-6DB9-4A49-AE22-26D498965A70}.Debug|x86.ActiveCfg = Debug|x86
		{51D6C3F9-6DB9-4A49-AE22-26D498965A70}.Debug|x86.Build.0 = Debug|x86
		{51D6C3F9-6DB9-4A49-AE22-26D498965A70}.Release|Any CPU.ActiveCfg = Release|x86
		{51D6C3F9-6DB9-4A49-AE22-26D498965A70}.Release|Mixed Platforms.ActiveCfg = Release|x86
		{51D6C3F9-6DB9-4A49-AE22-26D498965A70}.Release|Mixed Platforms.Build.0 = Release|x86
		{51D6C3F9-6DB9-4A49-AE22-26D498965A70}.Release|x86.ActiveCfg = Release|x86
		{51D6C3F9-6DB9-4A49-AE22-26D498965A70}.Release|x86.Build.0 = Release|x86
		{0451BAEF-DF2E-4B98-8644-94EE9415E389}.Debug|Any CPU.ActiveCfg = Debug|Any CPU
		{0451BAEF-DF2E-4B98-8644-94EE9415E389}.Debug|Mixed Platforms.ActiveCfg = Debug|Any CPU
		{0451BAEF-DF2E-4B98-8644-94EE9415E389}.Debug|x86.ActiveCfg = Debug|Any CPU
		{0451BAEF-DF2E-4B98-8644-94EE9415E389}.Release|Any CPU.ActiveCfg = Release|Any CPU
		{0451BAEF-DF2E-4B98-8644-94EE9415E389}.Release|Any CPU.Build.0 = Release|Any CPU
		{0451BAEF-DF2E-4B98-8644-94EE9415E389}.Release|Mixed Platforms.ActiveCfg = Release|Any CPU
		{0451BAEF-DF2E-4B98-8644-94EE9415E389}.Release|Mixed Platforms.Build.0 = Release|Any CPU
		{0451BAEF-DF2E-4B98-8644-94EE9415E389}.Release|x86.ActiveCfg = Release|Any CPU
		{316053DB-F02A-44D6-B091-723ABCC1397C}.Debug|Any CPU.ActiveCfg = Debug|Any CPU
		{316053DB-F02A-44D6-B091-723ABCC1397C}.Debug|Any CPU.Build.0 = Debug|Any CPU
		{316053DB-F02A-44D6-B091-723ABCC1397C}.Debug|Mixed Platforms.ActiveCfg = Debug|Any CPU
		{316053DB-F02A-44D6-B091-723ABCC1397C}.Debug|Mixed Platforms.Build.0 = Debug|Any CPU
		{316053DB-F02A-44D6-B091-723ABCC1397C}.Debug|x86.ActiveCfg = Debug|Any CPU
		{316053DB-F02A-44D6-B091-723ABCC1397C}.Release|Any CPU.ActiveCfg = Release|Any CPU
		{316053DB-F02A-44D6-B091-723ABCC1397C}.Release|Mixed Platforms.ActiveCfg = Release|Any CPU
		{316053DB-F02A-44D6-B091-723ABCC1397C}.Release|x86.ActiveCfg = Release|Any CPU
		{C53D2DE0-EAB6-4ED9-A0AC-5231F6E1D916}.Debug|Any CPU.ActiveCfg = Debug|Any CPU
		{C53D2DE0-EAB6-4ED9-A0AC-5231F6E1D916}.Debug|Any CPU.Build.0 = Debug|Any CPU
		{C53D2DE0-EAB6-4ED9-A0AC-5231F6E1D916}.Debug|Mixed Platforms.ActiveCfg = Debug|Any CPU
		{C53D2DE0-EAB6-4ED9-A0AC-5231F6E1D916}.Debug|Mixed Platforms.Build.0 = Debug|Any CPU
		{C53D2DE0-EAB6-4ED9-A0AC-5231F6E1D916}.Debug|x86.ActiveCfg = Debug|Any CPU
		{C53D2DE0-EAB6-4ED9-A0AC-5231F6E1D916}.Release|Any CPU.ActiveCfg = Release|Any CPU
		{C53D2DE0-EAB6-4ED9-A0AC-5231F6E1D916}.Release|Any CPU.Build.0 = Release|Any CPU
		{C53D2DE0-EAB6-4ED9-A0AC-5231F6E1D916}.Release|Mixed Platforms.ActiveCfg = Release|Any CPU
		{C53D2DE0-EAB6-4ED9-A0AC-5231F6E1D916}.Release|Mixed Platforms.Build.0 = Release|Any CPU
		{C53D2DE0-EAB6-4ED9-A0AC-5231F6E1D916}.Release|x86.ActiveCfg = Release|Any CPU
		{89DA6288-684F-454A-B46E-C0E9270C3712}.Debug|Any CPU.ActiveCfg = Debug|Any CPU
		{89DA6288-684F-454A-B46E-C0E9270C3712}.Debug|Any CPU.Build.0 = Debug|Any CPU
		{89DA6288-684F-454A-B46E-C0E9270C3712}.Debug|Mixed Platforms.ActiveCfg = Debug|Any CPU
		{89DA6288-684F-454A-B46E-C0E9270C3712}.Debug|Mixed Platforms.Build.0 = Debug|Any CPU
		{89DA6288-684F-454A-B46E-C0E9270C3712}.Debug|x86.ActiveCfg = Debug|Any CPU
		{89DA6288-684F-454A-B46E-C0E9270C3712}.Release|Any CPU.ActiveCfg = Release|Any CPU
		{89DA6288-684F-454A-B46E-C0E9270C3712}.Release|Any CPU.Build.0 = Release|Any CPU
		{89DA6288-684F-454A-B46E-C0E9270C3712}.Release|Mixed Platforms.ActiveCfg = Release|Any CPU
		{89DA6288-684F-454A-B46E-C0E9270C3712}.Release|Mixed Platforms.Build.0 = Release|Any CPU
		{89DA6288-684F-454A-B46E-C0E9270C3712}.Release|x86.ActiveCfg = Release|Any CPU
		{9616103B-8062-4639-92CD-5862E0128689}.Debug|Any CPU.ActiveCfg = Debug|Any CPU
		{9616103B-8062-4639-92CD-5862E0128689}.Debug|Any CPU.Build.0 = Debug|Any CPU
		{9616103B-8062-4639-92CD-5862E0128689}.Debug|Mixed Platforms.ActiveCfg = Debug|Any CPU
		{9616103B-8062-4639-92CD-5862E0128689}.Debug|Mixed Platforms.Build.0 = Debug|Any CPU
		{9616103B-8062-4639-92CD-5862E0128689}.Debug|x86.ActiveCfg = Debug|Any CPU
		{9616103B-8062-4639-92CD-5862E0128689}.Release|Any CPU.ActiveCfg = Release|Any CPU
		{9616103B-8062-4639-92CD-5862E0128689}.Release|Any CPU.Build.0 = Release|Any CPU
		{9616103B-8062-4639-92CD-5862E0128689}.Release|Mixed Platforms.ActiveCfg = Release|Any CPU
		{9616103B-8062-4639-92CD-5862E0128689}.Release|Mixed Platforms.Build.0 = Release|Any CPU
		{9616103B-8062-4639-92CD-5862E0128689}.Release|x86.ActiveCfg = Release|Any CPU
		{F7437797-DC95-4B23-84E3-80A3D3DA817C}.Debug|Any CPU.ActiveCfg = Debug|Any CPU
		{F7437797-DC95-4B23-84E3-80A3D3DA817C}.Debug|Any CPU.Build.0 = Debug|Any CPU
		{F7437797-DC95-4B23-84E3-80A3D3DA817C}.Debug|Mixed Platforms.ActiveCfg = Debug|Any CPU
		{F7437797-DC95-4B23-84E3-80A3D3DA817C}.Debug|Mixed Platforms.Build.0 = Debug|Any CPU
		{F7437797-DC95-4B23-84E3-80A3D3DA817C}.Debug|x86.ActiveCfg = Debug|Any CPU
		{F7437797-DC95-4B23-84E3-80A3D3DA817C}.Release|Any CPU.ActiveCfg = Release|Any CPU
		{F7437797-DC95-4B23-84E3-80A3D3DA817C}.Release|Any CPU.Build.0 = Release|Any CPU
		{F7437797-DC95-4B23-84E3-80A3D3DA817C}.Release|Mixed Platforms.ActiveCfg = Release|Any CPU
		{F7437797-DC95-4B23-84E3-80A3D3DA817C}.Release|Mixed Platforms.Build.0 = Release|Any CPU
		{F7437797-DC95-4B23-84E3-80A3D3DA817C}.Release|x86.ActiveCfg = Release|Any CPU
		{DC61E132-CD1D-45AE-84B7-39D3CE64F62C}.Debug|Any CPU.ActiveCfg = Debug|Any CPU
		{DC61E132-CD1D-45AE-84B7-39D3CE64F62C}.Debug|Any CPU.Build.0 = Debug|Any CPU
		{DC61E132-CD1D-45AE-84B7-39D3CE64F62C}.Debug|Mixed Platforms.ActiveCfg = Debug|Any CPU
		{DC61E132-CD1D-45AE-84B7-39D3CE64F62C}.Debug|Mixed Platforms.Build.0 = Debug|Any CPU
		{DC61E132-CD1D-45AE-84B7-39D3CE64F62C}.Debug|x86.ActiveCfg = Debug|Any CPU
		{DC61E132-CD1D-45AE-84B7-39D3CE64F62C}.Release|Any CPU.ActiveCfg = Release|Any CPU
		{DC61E132-CD1D-45AE-84B7-39D3CE64F62C}.Release|Any CPU.Build.0 = Release|Any CPU
		{DC61E132-CD1D-45AE-84B7-39D3CE64F62C}.Release|Mixed Platforms.ActiveCfg = Release|Any CPU
		{DC61E132-CD1D-45AE-84B7-39D3CE64F62C}.Release|Mixed Platforms.Build.0 = Release|Any CPU
		{DC61E132-CD1D-45AE-84B7-39D3CE64F62C}.Release|x86.ActiveCfg = Release|Any CPU
	EndGlobalSection
	GlobalSection(SolutionProperties) = preSolution
		HideSolutionNode = FALSE
	EndGlobalSection
	GlobalSection(NestedProjects) = preSolution
		{B22C7911-6565-4CF6-9918-745117A1F866} = {A164AC96-623C-4ACA-8309-F339607AC04E}
		{51D6C3F9-6DB9-4A49-AE22-26D498965A70} = {A164AC96-623C-4ACA-8309-F339607AC04E}
		{31339644-3E8D-455C-8895-E06DFF487242} = {F6CF54D8-41C3-44F6-95F8-D6A307B9E667}
		{080DCB8F-5E18-4F24-9D08-35213FF715B6} = {F6CF54D8-41C3-44F6-95F8-D6A307B9E667}
		{781AADFC-1628-4237-9AAD-B58BE6B73101} = {F6CF54D8-41C3-44F6-95F8-D6A307B9E667}
		{D61FB039-6F21-4096-876D-34954B5F6C31} = {F6CF54D8-41C3-44F6-95F8-D6A307B9E667}
		{316053DB-F02A-44D6-B091-723ABCC1397C} = {F6CF54D8-41C3-44F6-95F8-D6A307B9E667}
		{C2C94683-0AD4-49E4-83CF-FB66F3D4004F} = {7E45BE8C-8BE3-49B4-BAC9-5199B6E7F475}
		{DCCB9A3F-8880-461B-98B7-61C025EA5837} = {7E45BE8C-8BE3-49B4-BAC9-5199B6E7F475}
		{02E2B18C-B14A-4A10-BED1-434C68C52AC7} = {7E45BE8C-8BE3-49B4-BAC9-5199B6E7F475}
		{A78B9BDC-3237-47AE-8F02-8E81CF0E6875} = {60B3197C-DE43-4726-83DE-B75EDACA7C57}
		{1EF2A4E9-1F1C-4006-B7FA-6BBC65AFA9CE} = {63BD15F1-0821-472B-B919-A353A0AA8C18}
		{DFF3CAD6-D3DD-4C85-86AB-44BD92E558B2} = {63BD15F1-0821-472B-B919-A353A0AA8C18}
		{C53D2DE0-EAB6-4ED9-A0AC-5231F6E1D916} = {1EF2A4E9-1F1C-4006-B7FA-6BBC65AFA9CE}
		{89DA6288-684F-454A-B46E-C0E9270C3712} = {1EF2A4E9-1F1C-4006-B7FA-6BBC65AFA9CE}
		{9616103B-8062-4639-92CD-5862E0128689} = {1EF2A4E9-1F1C-4006-B7FA-6BBC65AFA9CE}
		{F7437797-DC95-4B23-84E3-80A3D3DA817C} = {DFF3CAD6-D3DD-4C85-86AB-44BD92E558B2}
	EndGlobalSection
EndGlobal
