
Microsoft Visual Studio Solution File, Format Version 11.00
# Visual Studio 2010
Project("{FAE04EC0-301F-11D3-BF4B-00C04F79EFBC}") = "MyTinyInstaller", "MyTinyInstaller\MyTinyInstaller.csproj", "{DC61E132-CD1D-45AE-84B7-39D3CE64F62C}"
EndProject
Project("{2150E333-8FDC-42A3-9474-1A3956D46DE8}") = "Solution Items", "Solution Items", "{E53F5461-81E4-4B57-8F75-9BB4EF577C82}"
	ProjectSection(SolutionItems) = preProject
		Local.testsettings = Local.testsettings
		MyTinyInstaller.vsmdi = MyTinyInstaller.vsmdi
		TraceAndTestImpact.testsettings = TraceAndTestImpact.testsettings
	EndProjectSection
EndProject
Project("{2150E333-8FDC-42A3-9474-1A3956D46DE8}") = "InstallerCore", "InstallerCore", "{394074C3-DBF9-46F8-8915-9131B63F2446}"
EndProject
Project("{2150E333-8FDC-42A3-9474-1A3956D46DE8}") = "InstallerAuthoring", "InstallerAuthoring", "{2EC3B1BB-5746-4C8A-8EF8-264D0B9DC6FE}"
EndProject
Project("{FAE04EC0-301F-11D3-BF4B-00C04F79EFBC}") = "TinyInstaller", "TinyInstaller\TinyInstaller.csproj", "{6F533877-76DF-489B-8A09-BADD150217FA}"
EndProject
Project("{2150E333-8FDC-42A3-9474-1A3956D46DE8}") = "Tests", "Tests", "{A164AC96-623C-4ACA-8309-F339607AC04E}"
EndProject
Project("{54435603-DBB4-11D2-8724-00A0C9A8B90C}") = "Setup1", "Setup1\Setup1.vdproj", "{3A40AED6-544C-45AF-AC58-13F1A49A1C6A}"
EndProject
Project("{FAE04EC0-301F-11D3-BF4B-00C04F79EFBC}") = "MyCustomUiInstaller", "MyCustomUiInstaller\MyCustomUiInstaller.csproj", "{781AADFC-1628-4237-9AAD-B58BE6B73101}"
EndProject
Project("{FAE04EC0-301F-11D3-BF4B-00C04F79EFBC}") = "MyNotepad", "MyNotepad\MyNotepad.csproj", "{31339644-3E8D-455C-8895-E06DFF487242}"
EndProject
Project("{FAE04EC0-301F-11D3-BF4B-00C04F79EFBC}") = "MyNotepadUtils", "MyNotepadUtils\MyNotepadUtils.csproj", "{080DCB8F-5E18-4F24-9D08-35213FF715B6}"
EndProject
Project("{2150E333-8FDC-42A3-9474-1A3956D46DE8}") = "Samples", "Samples", "{F6CF54D8-41C3-44F6-95F8-D6A307B9E667}"
EndProject
Project("{2150E333-8FDC-42A3-9474-1A3956D46DE8}") = "IdealSetupProject", "IdealSetupProject", "{7E45BE8C-8BE3-49B4-BAC9-5199B6E7F475}"
EndProject
Project("{FAE04EC0-301F-11D3-BF4B-00C04F79EFBC}") = "MyNotepadInstallSpec", "MyNotepadInstallSpec\MyNotepadInstallSpec.csproj", "{C2C94683-0AD4-49E4-83CF-FB66F3D4004F}"
EndProject
Project("{FAE04EC0-301F-11D3-BF4B-00C04F79EFBC}") = "MyNotepadInstallPackage", "MyNotepadInstallPackage\MyNotepadInstallPackage.csproj", "{DCCB9A3F-8880-461B-98B7-61C025EA5837}"
EndProject
Project("{FAE04EC0-301F-11D3-BF4B-00C04F79EFBC}") = "MyNotepadService", "MyNotepadService\MyNotepadService.csproj", "{D61FB039-6F21-4096-876D-34954B5F6C31}"
EndProject
Project("{FAE04EC0-301F-11D3-BF4B-00C04F79EFBC}") = "ConsoleApplication1", "ConsoleApplication1\ConsoleApplication1.csproj", "{02E2B18C-B14A-4A10-BED1-434C68C52AC7}"
EndProject
Project("{2150E333-8FDC-42A3-9474-1A3956D46DE8}") = "IdealSetupProject2", "IdealSetupProject2", "{60B3197C-DE43-4726-83DE-B75EDACA7C57}"
EndProject
Project("{FAE04EC0-301F-11D3-BF4B-00C04F79EFBC}") = "SampleInstaller", "SampleInstaller\SampleInstaller.csproj", "{A78B9BDC-3237-47AE-8F02-8E81CF0E6875}"
EndProject
Project("{FAE04EC0-301F-11D3-BF4B-00C04F79EFBC}") = "WpfControlLibrary1", "WpfControlLibrary1\WpfControlLibrary1.csproj", "{B22C7911-6565-4CF6-9918-745117A1F866}"
EndProject
Project("{FAE04EC0-301F-11D3-BF4B-00C04F79EFBC}") = "RebaseToMemory", "RebaseToMemory\RebaseToMemory.csproj", "{51D6C3F9-6DB9-4A49-AE22-26D498965A70}"
EndProject
Global
	GlobalSection(TestCaseManagementSettings) = postSolution
		CategoryFile = MyTinyInstaller.vsmdi
	EndGlobalSection
	GlobalSection(SolutionConfigurationPlatforms) = preSolution
		Debug|Any CPU = Debug|Any CPU
		Debug|Mixed Platforms = Debug|Mixed Platforms
		Debug|x86 = Debug|x86
		Release|Any CPU = Release|Any CPU
		Release|Mixed Platforms = Release|Mixed Platforms
		Release|x86 = Release|x86
	EndGlobalSection
	GlobalSection(ProjectConfigurationPlatforms) = postSolution
		{DC61E132-CD1D-45AE-84B7-39D3CE64F62C}.Debug|Any CPU.ActiveCfg = Debug|Any CPU
		{DC61E132-CD1D-45AE-84B7-39D3CE64F62C}.Debug|Any CPU.Build.0 = Debug|Any CPU
		{DC61E132-CD1D-45AE-84B7-39D3CE64F62C}.Debug|Mixed Platforms.ActiveCfg = Debug|Any CPU
		{DC61E132-CD1D-45AE-84B7-39D3CE64F62C}.Debug|Mixed Platforms.Build.0 = Debug|Any CPU
		{DC61E132-CD1D-45AE-84B7-39D3CE64F62C}.Debug|x86.ActiveCfg = Debug|Any CPU
		{DC61E132-CD1D-45AE-84B7-39D3CE64F62C}.Release|Any CPU.ActiveCfg = Release|Any CPU
		{DC61E132-CD1D-45AE-84B7-39D3CE64F62C}.Release|Any CPU.Build.0 = Release|Any CPU
		{DC61E132-CD1D-45AE-84B7-39D3CE64F62C}.Release|Mixed Platforms.ActiveCfg = Release|Any CPU
		{DC61E132-CD1D-45AE-84B7-39D3CE64F62C}.Release|Mixed Platforms.Build.0 = Release|Any CPU
		{DC61E132-CD1D-45AE-84B7-39D3CE64F62C}.Release|x86.ActiveCfg = Release|Any CPU
		{6F533877-76DF-489B-8A09-BADD150217FA}.Debug|Any CPU.ActiveCfg = Debug|Any CPU
		{6F533877-76DF-489B-8A09-BADD150217FA}.Debug|Any CPU.Build.0 = Debug|Any CPU
		{6F533877-76DF-489B-8A09-BADD150217FA}.Debug|Mixed Platforms.ActiveCfg = Debug|Any CPU
		{6F533877-76DF-489B-8A09-BADD150217FA}.Debug|Mixed Platforms.Build.0 = Debug|Any CPU
		{6F533877-76DF-489B-8A09-BADD150217FA}.Debug|x86.ActiveCfg = Debug|Any CPU
		{6F533877-76DF-489B-8A09-BADD150217FA}.Release|Any CPU.ActiveCfg = Release|Any CPU
		{6F533877-76DF-489B-8A09-BADD150217FA}.Release|Any CPU.Build.0 = Release|Any CPU
		{6F533877-76DF-489B-8A09-BADD150217FA}.Release|Mixed Platforms.ActiveCfg = Release|Any CPU
		{6F533877-76DF-489B-8A09-BADD150217FA}.Release|Mixed Platforms.Build.0 = Release|Any CPU
		{6F533877-76DF-489B-8A09-BADD150217FA}.Release|x86.ActiveCfg = Release|Any CPU
		{3A40AED6-544C-45AF-AC58-13F1A49A1C6A}.Debug|Any CPU.ActiveCfg = Debug
		{3A40AED6-544C-45AF-AC58-13F1A49A1C6A}.Debug|Mixed Platforms.ActiveCfg = Debug
		{3A40AED6-544C-45AF-AC58-13F1A49A1C6A}.Debug|x86.ActiveCfg = Debug
		{3A40AED6-544C-45AF-AC58-13F1A49A1C6A}.Release|Any CPU.ActiveCfg = Release
		{3A40AED6-544C-45AF-AC58-13F1A49A1C6A}.Release|Mixed Platforms.ActiveCfg = Release
		{3A40AED6-544C-45AF-AC58-13F1A49A1C6A}.Release|x86.ActiveCfg = Release
		{781AADFC-1628-4237-9AAD-B58BE6B73101}.Debug|Any CPU.ActiveCfg = Debug|x86
		{781AADFC-1628-4237-9AAD-B58BE6B73101}.Debug|Mixed Platforms.ActiveCfg = Debug|x86
		{781AADFC-1628-4237-9AAD-B58BE6B73101}.Debug|Mixed Platforms.Build.0 = Debug|x86
		{781AADFC-1628-4237-9AAD-B58BE6B73101}.Debug|x86.ActiveCfg = Debug|x86
		{781AADFC-1628-4237-9AAD-B58BE6B73101}.Debug|x86.Build.0 = Debug|x86
		{781AADFC-1628-4237-9AAD-B58BE6B73101}.Release|Any CPU.ActiveCfg = Release|x86
		{781AADFC-1628-4237-9AAD-B58BE6B73101}.Release|Mixed Platforms.ActiveCfg = Release|x86
		{781AADFC-1628-4237-9AAD-B58BE6B73101}.Release|Mixed Platforms.Build.0 = Release|x86
		{781AADFC-1628-4237-9AAD-B58BE6B73101}.Release|x86.ActiveCfg = Release|x86
		{781AADFC-1628-4237-9AAD-B58BE6B73101}.Release|x86.Build.0 = Release|x86
		{31339644-3E8D-455C-8895-E06DFF487242}.Debug|Any CPU.ActiveCfg = Debug|x86
		{31339644-3E8D-455C-8895-E06DFF487242}.Debug|Mixed Platforms.ActiveCfg = Debug|x86
		{31339644-3E8D-455C-8895-E06DFF487242}.Debug|Mixed Platforms.Build.0 = Debug|x86
		{31339644-3E8D-455C-8895-E06DFF487242}.Debug|x86.ActiveCfg = Debug|x86
		{31339644-3E8D-455C-8895-E06DFF487242}.Debug|x86.Build.0 = Debug|x86
		{31339644-3E8D-455C-8895-E06DFF487242}.Release|Any CPU.ActiveCfg = Release|x86
		{31339644-3E8D-455C-8895-E06DFF487242}.Release|Mixed Platforms.ActiveCfg = Release|x86
		{31339644-3E8D-455C-8895-E06DFF487242}.Release|Mixed Platforms.Build.0 = Release|x86
		{31339644-3E8D-455C-8895-E06DFF487242}.Release|x86.ActiveCfg = Release|x86
		{31339644-3E8D-455C-8895-E06DFF487242}.Release|x86.Build.0 = Release|x86
		{080DCB8F-5E18-4F24-9D08-35213FF715B6}.Debug|Any CPU.ActiveCfg = Debug|Any CPU
		{080DCB8F-5E18-4F24-9D08-35213FF715B6}.Debug|Any CPU.Build.0 = Debug|Any CPU
		{080DCB8F-5E18-4F24-9D08-35213FF715B6}.Debug|Mixed Platforms.ActiveCfg = Debug|Any CPU
		{080DCB8F-5E18-4F24-9D08-35213FF715B6}.Debug|Mixed Platforms.Build.0 = Debug|Any CPU
		{080DCB8F-5E18-4F24-9D08-35213FF715B6}.Debug|x86.ActiveCfg = Debug|Any CPU
		{080DCB8F-5E18-4F24-9D08-35213FF715B6}.Release|Any CPU.ActiveCfg = Release|Any CPU
		{080DCB8F-5E18-4F24-9D08-35213FF715B6}.Release|Any CPU.Build.0 = Release|Any CPU
		{080DCB8F-5E18-4F24-9D08-35213FF715B6}.Release|Mixed Platforms.ActiveCfg = Release|Any CPU
		{080DCB8F-5E18-4F24-9D08-35213FF715B6}.Release|Mixed Platforms.Build.0 = Release|Any CPU
		{080DCB8F-5E18-4F24-9D08-35213FF715B6}.Release|x86.ActiveCfg = Release|Any CPU
		{C2C94683-0AD4-49E4-83CF-FB66F3D4004F}.Debug|Any CPU.ActiveCfg = Debug|Any CPU
		{C2C94683-0AD4-49E4-83CF-FB66F3D4004F}.Debug|Any CPU.Build.0 = Debug|Any CPU
		{C2C94683-0AD4-49E4-83CF-FB66F3D4004F}.Debug|Mixed Platforms.ActiveCfg = Debug|Any CPU
		{C2C94683-0AD4-49E4-83CF-FB66F3D4004F}.Debug|Mixed Platforms.Build.0 = Debug|Any CPU
		{C2C94683-0AD4-49E4-83CF-FB66F3D4004F}.Debug|x86.ActiveCfg = Debug|Any CPU
		{C2C94683-0AD4-49E4-83CF-FB66F3D4004F}.Release|Any CPU.ActiveCfg = Release|Any CPU
		{C2C94683-0AD4-49E4-83CF-FB66F3D4004F}.Release|Any CPU.Build.0 = Release|Any CPU
		{C2C94683-0AD4-49E4-83CF-FB66F3D4004F}.Release|Mixed Platforms.ActiveCfg = Release|Any CPU
		{C2C94683-0AD4-49E4-83CF-FB66F3D4004F}.Release|Mixed Platforms.Build.0 = Release|Any CPU
		{C2C94683-0AD4-49E4-83CF-FB66F3D4004F}.Release|x86.ActiveCfg = Release|Any CPU
		{DCCB9A3F-8880-461B-98B7-61C025EA5837}.Debug|Any CPU.ActiveCfg = Debug|x86
		{DCCB9A3F-8880-461B-98B7-61C025EA5837}.Debug|Mixed Platforms.ActiveCfg = Debug|x86
		{DCCB9A3F-8880-461B-98B7-61C025EA5837}.Debug|Mixed Platforms.Build.0 = Debug|x86
		{DCCB9A3F-8880-461B-98B7-61C025EA5837}.Debug|x86.ActiveCfg = Debug|x86
		{DCCB9A3F-8880-461B-98B7-61C025EA5837}.Debug|x86.Build.0 = Debug|x86
		{DCCB9A3F-8880-461B-98B7-61C025EA5837}.Release|Any CPU.ActiveCfg = Release|x86
		{DCCB9A3F-8880-461B-98B7-61C025EA5837}.Release|Mixed Platforms.ActiveCfg = Release|x86
		{DCCB9A3F-8880-461B-98B7-61C025EA5837}.Release|Mixed Platforms.Build.0 = Release|x86
		{DCCB9A3F-8880-461B-98B7-61C025EA5837}.Release|x86.ActiveCfg = Release|x86
		{DCCB9A3F-8880-461B-98B7-61C025EA5837}.Release|x86.Build.0 = Release|x86
		{D61FB039-6F21-4096-876D-34954B5F6C31}.Debug|Any CPU.ActiveCfg = Debug|Any CPU
		{D61FB039-6F21-4096-876D-34954B5F6C31}.Debug|Any CPU.Build.0 = Debug|Any CPU
		{D61FB039-6F21-4096-876D-34954B5F6C31}.Debug|Mixed Platforms.ActiveCfg = Debug|Any CPU
		{D61FB039-6F21-4096-876D-34954B5F6C31}.Debug|Mixed Platforms.Build.0 = Debug|Any CPU
		{D61FB039-6F21-4096-876D-34954B5F6C31}.Debug|x86.ActiveCfg = Debug|Any CPU
		{D61FB039-6F21-4096-876D-34954B5F6C31}.Release|Any CPU.ActiveCfg = Release|Any CPU
		{D61FB039-6F21-4096-876D-34954B5F6C31}.Release|Any CPU.Build.0 = Release|Any CPU
		{D61FB039-6F21-4096-876D-34954B5F6C31}.Release|Mixed Platforms.ActiveCfg = Release|Any CPU
		{D61FB039-6F21-4096-876D-34954B5F6C31}.Release|Mixed Platforms.Build.0 = Release|Any CPU
		{D61FB039-6F21-4096-876D-34954B5F6C31}.Release|x86.ActiveCfg = Release|Any CPU
		{02E2B18C-B14A-4A10-BED1-434C68C52AC7}.Debug|Any CPU.ActiveCfg = Debug|x86
		{02E2B18C-B14A-4A10-BED1-434C68C52AC7}.Debug|Mixed Platforms.ActiveCfg = Debug|x86
		{02E2B18C-B14A-4A10-BED1-434C68C52AC7}.Debug|Mixed Platforms.Build.0 = Debug|x86
		{02E2B18C-B14A-4A10-BED1-434C68C52AC7}.Debug|x86.ActiveCfg = Debug|x86
		{02E2B18C-B14A-4A10-BED1-434C68C52AC7}.Debug|x86.Build.0 = Debug|x86
		{02E2B18C-B14A-4A10-BED1-434C68C52AC7}.Release|Any CPU.ActiveCfg = Release|x86
		{02E2B18C-B14A-4A10-BED1-434C68C52AC7}.Release|Mixed Platforms.ActiveCfg = Release|x86
		{02E2B18C-B14A-4A10-BED1-434C68C52AC7}.Release|Mixed Platforms.Build.0 = Release|x86
		{02E2B18C-B14A-4A10-BED1-434C68C52AC7}.Release|x86.ActiveCfg = Release|x86
		{02E2B18C-B14A-4A10-BED1-434C68C52AC7}.Release|x86.Build.0 = Release|x86
		{A78B9BDC-3237-47AE-8F02-8E81CF0E6875}.Debug|Any CPU.ActiveCfg = Debug|x86
		{A78B9BDC-3237-47AE-8F02-8E81CF0E6875}.Debug|Mixed Platforms.ActiveCfg = Debug|x86
		{A78B9BDC-3237-47AE-8F02-8E81CF0E6875}.Debug|Mixed Platforms.Build.0 = Debug|x86
		{A78B9BDC-3237-47AE-8F02-8E81CF0E6875}.Debug|x86.ActiveCfg = Debug|x86
		{A78B9BDC-3237-47AE-8F02-8E81CF0E6875}.Debug|x86.Build.0 = Debug|x86
		{A78B9BDC-3237-47AE-8F02-8E81CF0E6875}.Release|Any CPU.ActiveCfg = Release|x86
		{A78B9BDC-3237-47AE-8F02-8E81CF0E6875}.Release|Mixed Platforms.ActiveCfg = Release|x86
		{A78B9BDC-3237-47AE-8F02-8E81CF0E6875}.Release|Mixed Platforms.Build.0 = Release|x86
		{A78B9BDC-3237-47AE-8F02-8E81CF0E6875}.Release|x86.ActiveCfg = Release|x86
		{A78B9BDC-3237-47AE-8F02-8E81CF0E6875}.Release|x86.Build.0 = Release|x86
		{B22C7911-6565-4CF6-9918-745117A1F866}.Debug|Any CPU.ActiveCfg = Debug|Any CPU
		{B22C7911-6565-4CF6-9918-745117A1F866}.Debug|Any CPU.Build.0 = Debug|Any CPU
		{B22C7911-6565-4CF6-9918-745117A1F866}.Debug|Mixed Platforms.ActiveCfg = Debug|Any CPU
		{B22C7911-6565-4CF6-9918-745117A1F866}.Debug|Mixed Platforms.Build.0 = Debug|Any CPU
		{B22C7911-6565-4CF6-9918-745117A1F866}.Debug|x86.ActiveCfg = Debug|Any CPU
		{B22C7911-6565-4CF6-9918-745117A1F866}.Release|Any CPU.ActiveCfg = Release|Any CPU
		{B22C7911-6565-4CF6-9918-745117A1F866}.Release|Any CPU.Build.0 = Release|Any CPU
		{B22C7911-6565-4CF6-9918-745117A1F866}.Release|Mixed Platforms.ActiveCfg = Release|Any CPU
		{B22C7911-6565-4CF6-9918-745117A1F866}.Release|Mixed Platforms.Build.0 = Release|Any CPU
		{B22C7911-6565-4CF6-9918-745117A1F866}.Release|x86.ActiveCfg = Release|Any CPU
		{51D6C3F9-6DB9-4A49-AE22-26D498965A70}.Debug|Any CPU.ActiveCfg = Debug|x86
		{51D6C3F9-6DB9-4A49-AE22-26D498965A70}.Debug|Mixed Platforms.ActiveCfg = Debug|x86
		{51D6C3F9-6DB9-4A49-AE22-26D498965A70}.Debug|Mixed Platforms.Build.0 = Debug|x86
		{51D6C3F9-6DB9-4A49-AE22-26D498965A70}.Debug|x86.ActiveCfg = Debug|x86
		{51D6C3F9-6DB9-4A49-AE22-26D498965A70}.Debug|x86.Build.0 = Debug|x86
		{51D6C3F9-6DB9-4A49-AE22-26D498965A70}.Release|Any CPU.ActiveCfg = Release|x86
		{51D6C3F9-6DB9-4A49-AE22-26D498965A70}.Release|Mixed Platforms.ActiveCfg = Release|x86
		{51D6C3F9-6DB9-4A49-AE22-26D498965A70}.Release|Mixed Platforms.Build.0 = Release|x86
		{51D6C3F9-6DB9-4A49-AE22-26D498965A70}.Release|x86.ActiveCfg = Release|x86
		{51D6C3F9-6DB9-4A49-AE22-26D498965A70}.Release|x86.Build.0 = Release|x86
	EndGlobalSection
	GlobalSection(SolutionProperties) = preSolution
		HideSolutionNode = FALSE
	EndGlobalSection
	GlobalSection(NestedProjects) = preSolution
		{DC61E132-CD1D-45AE-84B7-39D3CE64F62C} = {A164AC96-623C-4ACA-8309-F339607AC04E}
		{3A40AED6-544C-45AF-AC58-13F1A49A1C6A} = {A164AC96-623C-4ACA-8309-F339607AC04E}
		{B22C7911-6565-4CF6-9918-745117A1F866} = {A164AC96-623C-4ACA-8309-F339607AC04E}
		{51D6C3F9-6DB9-4A49-AE22-26D498965A70} = {A164AC96-623C-4ACA-8309-F339607AC04E}
		{6F533877-76DF-489B-8A09-BADD150217FA} = {394074C3-DBF9-46F8-8915-9131B63F2446}
		{31339644-3E8D-455C-8895-E06DFF487242} = {F6CF54D8-41C3-44F6-95F8-D6A307B9E667}
		{080DCB8F-5E18-4F24-9D08-35213FF715B6} = {F6CF54D8-41C3-44F6-95F8-D6A307B9E667}
		{781AADFC-1628-4237-9AAD-B58BE6B73101} = {F6CF54D8-41C3-44F6-95F8-D6A307B9E667}
		{7E45BE8C-8BE3-49B4-BAC9-5199B6E7F475} = {F6CF54D8-41C3-44F6-95F8-D6A307B9E667}
		{D61FB039-6F21-4096-876D-34954B5F6C31} = {F6CF54D8-41C3-44F6-95F8-D6A307B9E667}
		{60B3197C-DE43-4726-83DE-B75EDACA7C57} = {F6CF54D8-41C3-44F6-95F8-D6A307B9E667}
		{C2C94683-0AD4-49E4-83CF-FB66F3D4004F} = {7E45BE8C-8BE3-49B4-BAC9-5199B6E7F475}
		{DCCB9A3F-8880-461B-98B7-61C025EA5837} = {7E45BE8C-8BE3-49B4-BAC9-5199B6E7F475}
		{02E2B18C-B14A-4A10-BED1-434C68C52AC7} = {7E45BE8C-8BE3-49B4-BAC9-5199B6E7F475}
		{A78B9BDC-3237-47AE-8F02-8E81CF0E6875} = {60B3197C-DE43-4726-83DE-B75EDACA7C57}
	EndGlobalSection
EndGlobal
